{
  "name": "nginx-dist",
  "version": "v1.25.4-7",
  "lockfileVersion": 3,
  "requires": true,
  "packages": {
    "": {
      "name": "nginx-dist",
      "version": "v1.25.4-7",
      "license": "MIT",
      "optionalDependencies": {
        "nginx-dist-darwin-arm64": "v1.25.4-7",
        "nginx-dist-darwin-x64": "v1.25.4-7",
        "nginx-dist-linux-arm64": "v1.25.4-7",
        "nginx-dist-linux-x64": "v1.25.4-7"
      }
    },
    "node_modules/nginx-dist-darwin-arm64": {
      "version": "1.25.4-7",
      "resolved": "https://registry.npmjs.org/nginx-dist-darwin-arm64/-/nginx-dist-darwin-arm64-1.25.4-7.tgz",
      "integrity": "sha512-C06X0+otdntcnZhXejkyF/iFZ6FtvyMlKSos6wMga4F62PLTdKjGoqhz2+SRHNgjAJ9g8yP1FiOJhDajt28zOQ==",
      "cpu": [
        "arm64"
      ],
      "optional": true,
      "os": [
        "darwin"
      ],
      "bin": {
        "nginx-dist-darwin-arm64": "nginx"
      }
    },
    "node_modules/nginx-dist-darwin-x64": {
      "version": "1.25.4-7",
      "resolved": "https://registry.npmjs.org/nginx-dist-darwin-x64/-/nginx-dist-darwin-x64-1.25.4-7.tgz",
      "integrity": "sha512-gdaLwEzUxupAMJvQ9pLQ1NISq++bHFwzgXjUzyU/sTRM5LoN3oe+tfTTqP8R7J97r7YizulNWdLoAKFjfVyYGg==",
      "cpu": [
        "x64"
      ],
      "optional": true,
      "os": [
        "darwin"
      ],
      "bin": {
        "nginx-dist-darwin-x64": "nginx"
      }
    },
    "node_modules/nginx-dist-linux-arm64": {
      "version": "1.25.4-7",
      "resolved": "https://registry.npmjs.org/nginx-dist-linux-arm64/-/nginx-dist-linux-arm64-1.25.4-7.tgz",
      "integrity": "sha512-hyO+OSOOgeIuveRZW8cdO3vTDND/pbKtdon203aGJ/mkFNaezSzCrM5aV5lVlJjQmX8Y0jCrr6WlRlmZU3fjPQ==",
      "cpu": [
        "arm64"
      ],
      "optional": true,
      "os": [
        "linux"
      ],
      "bin": {
        "nginx-dist-linux-arm64": "nginx"
      }
    },
    "node_modules/nginx-dist-linux-x64": {
      "version": "1.25.4-7",
      "resolved": "https://registry.npmjs.org/nginx-dist-linux-x64/-/nginx-dist-linux-x64-1.25.4-7.tgz",
      "integrity": "sha512-8T5Nyu2JSyE1s8xu1wRJKk1Z3u56Port+Uy3BUjOQkXXxCchmcLp1llZl2WB9Mn+LcBRrcLPrYogow8WZey19g==",
      "cpu": [
        "x64"
      ],
      "optional": true,
      "os": [
        "linux"
      ],
      "bin": {
        "nginx-dist-linux-x64": "nginx"
      }
    }
  }
}
