{
  "name": "nginx-dist",
  "version": "v1.25.2-5",
  "lockfileVersion": 2,
  "requires": true,
  "packages": {
    "": {
      "name": "nginx-dist",
      "version": "v1.25.2-5",
      "license": "MIT",
      "optionalDependencies": {
        "nginx-dist-darwin-arm64": "v1.25.2-5",
        "nginx-dist-darwin-x64": "v1.25.2-5",
        "nginx-dist-linux-arm64": "v1.25.2-5",
        "nginx-dist-linux-x64": "v1.25.2-5"
      }
    },
    "node_modules/nginx-dist-darwin-arm64": {
      "version": "1.25.2-5",
      "resolved": "https://registry.npmjs.org/nginx-dist-darwin-arm64/-/nginx-dist-darwin-arm64-1.25.2-5.tgz",
      "integrity": "sha512-GqoZ0EMtDPQMN01/HTObWc521Ze3wIgBz40V8rYplnZUFHER3mPLA3rC78jGlq7bhj7kB0U06NEmDpCbhDSLQQ==",
      "cpu": [
        "arm64"
      ],
      "optional": true,
      "os": [
        "darwin"
      ],
      "bin": {
        "nginx-dist-darwin-arm64": "nginx"
      }
    },
    "node_modules/nginx-dist-darwin-x64": {
      "version": "1.25.2-5",
      "resolved": "https://registry.npmjs.org/nginx-dist-darwin-x64/-/nginx-dist-darwin-x64-1.25.2-5.tgz",
      "integrity": "sha512-WAThHpYgAWbaiXnbVtI+RrKp90mYvcW1trAjoyaGZRUTtJSo1KX5io/c8gi9T9rxPguS4/Mp14pgSizqJMq3Aw==",
      "cpu": [
        "x64"
      ],
      "optional": true,
      "os": [
        "darwin"
      ],
      "bin": {
        "nginx-dist-darwin-x64": "nginx"
      }
    },
    "node_modules/nginx-dist-linux-arm64": {
      "version": "1.25.2-5",
      "resolved": "https://registry.npmjs.org/nginx-dist-linux-arm64/-/nginx-dist-linux-arm64-1.25.2-5.tgz",
      "integrity": "sha512-90Jep7EDcFTMfy2bOAwlPTwgVakxnCPhV7+oTdgVXY4Mhr9nDwaylSG/dbqWEHFmqulwy8fW03XR8dSXu4MD4Q==",
      "cpu": [
        "arm64"
      ],
      "optional": true,
      "os": [
        "linux"
      ],
      "bin": {
        "nginx-dist-linux-arm64": "nginx"
      }
    },
    "node_modules/nginx-dist-linux-x64": {
      "version": "1.25.2-5",
      "resolved": "https://registry.npmjs.org/nginx-dist-linux-x64/-/nginx-dist-linux-x64-1.25.2-5.tgz",
      "integrity": "sha512-o6F7TNnvpxOGUAO78ElOR/UQy6KV71mVOoRMZIicj3y2/02ne+QOazQauT/B1lhkM5y7QqnR6Ib15TN/8Msf+A==",
      "cpu": [
        "x64"
      ],
      "optional": true,
      "os": [
        "linux"
      ],
      "bin": {
        "nginx-dist-linux-x64": "nginx"
      }
    }
  },
  "dependencies": {
    "nginx-dist-darwin-arm64": {
      "version": "1.25.2-5",
      "resolved": "https://registry.npmjs.org/nginx-dist-darwin-arm64/-/nginx-dist-darwin-arm64-1.25.2-5.tgz",
      "integrity": "sha512-GqoZ0EMtDPQMN01/HTObWc521Ze3wIgBz40V8rYplnZUFHER3mPLA3rC78jGlq7bhj7kB0U06NEmDpCbhDSLQQ==",
      "optional": true
    },
    "nginx-dist-darwin-x64": {
      "version": "1.25.2-5",
      "resolved": "https://registry.npmjs.org/nginx-dist-darwin-x64/-/nginx-dist-darwin-x64-1.25.2-5.tgz",
      "integrity": "sha512-WAThHpYgAWbaiXnbVtI+RrKp90mYvcW1trAjoyaGZRUTtJSo1KX5io/c8gi9T9rxPguS4/Mp14pgSizqJMq3Aw==",
      "optional": true
    },
    "nginx-dist-linux-arm64": {
      "version": "1.25.2-5",
      "resolved": "https://registry.npmjs.org/nginx-dist-linux-arm64/-/nginx-dist-linux-arm64-1.25.2-5.tgz",
      "integrity": "sha512-90Jep7EDcFTMfy2bOAwlPTwgVakxnCPhV7+oTdgVXY4Mhr9nDwaylSG/dbqWEHFmqulwy8fW03XR8dSXu4MD4Q==",
      "optional": true
    },
    "nginx-dist-linux-x64": {
      "version": "1.25.2-5",
      "resolved": "https://registry.npmjs.org/nginx-dist-linux-x64/-/nginx-dist-linux-x64-1.25.2-5.tgz",
      "integrity": "sha512-o6F7TNnvpxOGUAO78ElOR/UQy6KV71mVOoRMZIicj3y2/02ne+QOazQauT/B1lhkM5y7QqnR6Ib15TN/8Msf+A==",
      "optional": true
    }
  }
}
