{
  "name": "nginx-dist",
  "version": "v1.25.2-3",
  "lockfileVersion": 2,
  "requires": true,
  "packages": {
    "": {
      "name": "nginx-dist",
      "version": "v1.25.2-3",
      "license": "MIT",
      "optionalDependencies": {
        "nginx-dist-darwin-arm64": "v1.25.2-3",
        "nginx-dist-darwin-x64": "v1.25.2-3",
        "nginx-dist-linux-arm64": "v1.25.2-3",
        "nginx-dist-linux-x64": "v1.25.2-3"
      }
    },
    "node_modules/nginx-dist-darwin-arm64": {
      "version": "1.25.2-3",
      "resolved": "https://registry.npmjs.org/nginx-dist-darwin-arm64/-/nginx-dist-darwin-arm64-1.25.2-3.tgz",
      "integrity": "sha512-xlm+F3T0nXjVyhXnxVM1e+Ee4EuZZAGXXyzWa0X/qKxN1RGgcmE/zipHmvWpqVKknNaIJwY7RDfCJIYO/3i3YQ==",
      "cpu": [
        "arm64"
      ],
      "optional": true,
      "os": [
        "darwin"
      ],
      "bin": {
        "nginx-dist-darwin-arm64": "nginx"
      }
    },
    "node_modules/nginx-dist-darwin-x64": {
      "version": "1.25.2-3",
      "resolved": "https://registry.npmjs.org/nginx-dist-darwin-x64/-/nginx-dist-darwin-x64-1.25.2-3.tgz",
      "integrity": "sha512-tdrIRZUvoX910pnXUlpkadwWEWBOh7KE9hZPVIebzUTRllkCsm5Qh7LgCvgAiy6V8OZbpMotA4uIilYSfLz1UQ==",
      "cpu": [
        "x64"
      ],
      "optional": true,
      "os": [
        "darwin"
      ],
      "bin": {
        "nginx-dist-darwin-x64": "nginx"
      }
    },
    "node_modules/nginx-dist-linux-arm64": {
      "version": "1.25.2-3",
      "resolved": "https://registry.npmjs.org/nginx-dist-linux-arm64/-/nginx-dist-linux-arm64-1.25.2-3.tgz",
      "integrity": "sha512-4AcOodWx1IrTSTXh6PfNwisFNT8j4larikMY4nCvsbxikaIFklcU7xGU6U9CNIUNSUUj+4y+CtKrjvtmKh6zEg==",
      "cpu": [
        "arm64"
      ],
      "optional": true,
      "os": [
        "linux"
      ],
      "bin": {
        "nginx-dist-linux-arm64": "nginx"
      }
    },
    "node_modules/nginx-dist-linux-x64": {
      "version": "1.25.2-3",
      "resolved": "https://registry.npmjs.org/nginx-dist-linux-x64/-/nginx-dist-linux-x64-1.25.2-3.tgz",
      "integrity": "sha512-HQw2nPsLdyUSNAJ0NSSCRgbZuqA0HwAGSsLHR3/Nt0Q+Uf0HY7F5unCfdZZnNuPaLN9S+MyBCBeiGGBeJqJXWA==",
      "cpu": [
        "x64"
      ],
      "optional": true,
      "os": [
        "linux"
      ],
      "bin": {
        "nginx-dist-linux-x64": "nginx"
      }
    }
  },
  "dependencies": {
    "nginx-dist-darwin-arm64": {
      "version": "1.25.2-3",
      "resolved": "https://registry.npmjs.org/nginx-dist-darwin-arm64/-/nginx-dist-darwin-arm64-1.25.2-3.tgz",
      "integrity": "sha512-xlm+F3T0nXjVyhXnxVM1e+Ee4EuZZAGXXyzWa0X/qKxN1RGgcmE/zipHmvWpqVKknNaIJwY7RDfCJIYO/3i3YQ==",
      "optional": true
    },
    "nginx-dist-darwin-x64": {
      "version": "1.25.2-3",
      "resolved": "https://registry.npmjs.org/nginx-dist-darwin-x64/-/nginx-dist-darwin-x64-1.25.2-3.tgz",
      "integrity": "sha512-tdrIRZUvoX910pnXUlpkadwWEWBOh7KE9hZPVIebzUTRllkCsm5Qh7LgCvgAiy6V8OZbpMotA4uIilYSfLz1UQ==",
      "optional": true
    },
    "nginx-dist-linux-arm64": {
      "version": "1.25.2-3",
      "resolved": "https://registry.npmjs.org/nginx-dist-linux-arm64/-/nginx-dist-linux-arm64-1.25.2-3.tgz",
      "integrity": "sha512-4AcOodWx1IrTSTXh6PfNwisFNT8j4larikMY4nCvsbxikaIFklcU7xGU6U9CNIUNSUUj+4y+CtKrjvtmKh6zEg==",
      "optional": true
    },
    "nginx-dist-linux-x64": {
      "version": "1.25.2-3",
      "resolved": "https://registry.npmjs.org/nginx-dist-linux-x64/-/nginx-dist-linux-x64-1.25.2-3.tgz",
      "integrity": "sha512-HQw2nPsLdyUSNAJ0NSSCRgbZuqA0HwAGSsLHR3/Nt0Q+Uf0HY7F5unCfdZZnNuPaLN9S+MyBCBeiGGBeJqJXWA==",
      "optional": true
    }
  }
}
